
Microsoft Visual Studio Solution File, Format Version 12.00
# Visual Studio Version 17
VisualStudioVersion = 17.7.34202.233
MinimumVisualStudioVersion = 10.0.40219.1
Project("{FAE04EC0-301F-11D3-BF4B-00C04F79EFBC}") = "Funções Matemáticas", "Funções Matemáticas\Funções Matemáticas.csproj", "{2A4E89D5-ED65-4083-A56E-DC32A8AEC28F}"
EndProject
Global
	GlobalSection(SolutionConfigurationPlatforms) = preSolution
		Debug|Any CPU = Debug|Any CPU
		Release|Any CPU = Release|Any CPU
	EndGlobalSection
	GlobalSection(ProjectConfigurationPlatforms) = postSolution
		{2A4E89D5-ED65-4083-A56E-DC32A8AEC28F}.Debug|Any CPU.ActiveCfg = Debug|Any CPU
		{2A4E89D5-ED65-4083-A56E-DC32A8AEC28F}.Debug|Any CPU.Build.0 = Debug|Any CPU
		{2A4E89D5-ED65-4083-A56E-DC32A8AEC28F}.Release|Any CPU.ActiveCfg = Release|Any CPU
		{2A4E89D5-ED65-4083-A56E-DC32A8AEC28F}.Release|Any CPU.Build.0 = Release|Any CPU
	EndGlobalSection
	GlobalSection(SolutionProperties) = preSolution
		HideSolutionNode = FALSE
	EndGlobalSection
	GlobalSection(ExtensibilityGlobals) = postSolution
		SolutionGuid = {A78BCFAB-57DA-4961-BF7B-32CB7AAF9C99}
	EndGlobalSection
EndGlobal
