
Microsoft Visual Studio Solution File, Format Version 12.00
# Visual Studio Version 17
VisualStudioVersion = 17.7.34031.279
MinimumVisualStudioVersion = 10.0.40219.1
Project("{FAE04EC0-301F-11D3-BF4B-00C04F79EFBC}") = "Operações aritmetricas", "Operações aritmetricas\Operações aritmetricas.csproj", "{11EEC83C-3388-4DCA-B33E-15BE00EFDE43}"
EndProject
Global
	GlobalSection(SolutionConfigurationPlatforms) = preSolution
		Debug|Any CPU = Debug|Any CPU
		Release|Any CPU = Release|Any CPU
	EndGlobalSection
	GlobalSection(ProjectConfigurationPlatforms) = postSolution
		{11EEC83C-3388-4DCA-B33E-15BE00EFDE43}.Debug|Any CPU.ActiveCfg = Debug|Any CPU
		{11EEC83C-3388-4DCA-B33E-15BE00EFDE43}.Debug|Any CPU.Build.0 = Debug|Any CPU
		{11EEC83C-3388-4DCA-B33E-15BE00EFDE43}.Release|Any CPU.ActiveCfg = Release|Any CPU
		{11EEC83C-3388-4DCA-B33E-15BE00EFDE43}.Release|Any CPU.Build.0 = Release|Any CPU
	EndGlobalSection
	GlobalSection(SolutionProperties) = preSolution
		HideSolutionNode = FALSE
	EndGlobalSection
	GlobalSection(ExtensibilityGlobals) = postSolution
		SolutionGuid = {501F7088-8490-427C-90C0-54A292589097}
	EndGlobalSection
EndGlobal
