
Microsoft Visual Studio Solution File, Format Version 12.00
# Visual Studio Version 17
VisualStudioVersion = 17.8.34511.84
MinimumVisualStudioVersion = 10.0.40219.1
Project("{FAE04EC0-301F-11D3-BF4B-00C04F79EFBC}") = "T.P.C 2024", "T.P.C 2024.csproj", "{C1BFF4D7-501E-4B68-8F13-076F0371A15A}"
EndProject
Global
	GlobalSection(SolutionConfigurationPlatforms) = preSolution
		Debug|Any CPU = Debug|Any CPU
		Release|Any CPU = Release|Any CPU
	EndGlobalSection
	GlobalSection(ProjectConfigurationPlatforms) = postSolution
		{C1BFF4D7-501E-4B68-8F13-076F0371A15A}.Debug|Any CPU.ActiveCfg = Debug|Any CPU
		{C1BFF4D7-501E-4B68-8F13-076F0371A15A}.Debug|Any CPU.Build.0 = Debug|Any CPU
		{C1BFF4D7-501E-4B68-8F13-076F0371A15A}.Release|Any CPU.ActiveCfg = Release|Any CPU
		{C1BFF4D7-501E-4B68-8F13-076F0371A15A}.Release|Any CPU.Build.0 = Release|Any CPU
	EndGlobalSection
	GlobalSection(SolutionProperties) = preSolution
		HideSolutionNode = FALSE
	EndGlobalSection
	GlobalSection(ExtensibilityGlobals) = postSolution
		SolutionGuid = {D3A5A531-80E4-4BBD-A442-15697EC4121F}
	EndGlobalSection
EndGlobal
